# This file is automatically @generated by Cargo.
# It is not intended for manual editing.
version = 4

[[package]]
name = "progenitor-agent"
version = "0.1.0"
dependencies = [
 "progenitor-core",
 "progenitor-llm",
]

[[package]]
name = "progenitor-app"
version = "0.1.0"
dependencies = [
 "progenitor-agent",
 "progenitor-characters",
 "progenitor-chat",
 "progenitor-collections",
 "progenitor-content",
 "progenitor-core",
 "progenitor-game",
 "progenitor-generators",
 "progenitor-houses",
 "progenitor-llm",
 "progenitor-mod",
 "progenitor-ui",
]

[[package]]
name = "progenitor-characters"
version = "0.1.0"
dependencies = [
 "progenitor-content",
 "progenitor-core",
 "progenitor-dna",
 "progenitor-points",
 "progenitor-ui",
]

[[package]]
name = "progenitor-chat"
version = "0.1.0"
dependencies = [
 "progenitor-agent",
 "progenitor-core",
 "progenitor-ui",
]

[[package]]
name = "progenitor-coa"
version = "0.1.0"
dependencies = [
 "progenitor-core",
]

[[package]]
name = "progenitor-collections"
version = "0.1.0"
dependencies = [
 "progenitor-content",
 "progenitor-core",
 "progenitor-ui",
]

[[package]]
name = "progenitor-content"
version = "0.1.0"
dependencies = [
 "progenitor-core",
 "progenitor-game",
]

[[package]]
name = "progenitor-core"
version = "0.1.0"

[[package]]
name = "progenitor-dna"
version = "0.1.0"
dependencies = [
 "progenitor-core",
]

[[package]]
name = "progenitor-game"
version = "0.1.0"
dependencies = [
 "progenitor-core",
]

[[package]]
name = "progenitor-generators"
version = "0.1.0"
dependencies = [
 "progenitor-agent",
 "progenitor-characters",
 "progenitor-collections",
 "progenitor-core",
 "progenitor-houses",
]

[[package]]
name = "progenitor-houses"
version = "0.1.0"
dependencies = [
 "progenitor-coa",
 "progenitor-content",
 "progenitor-core",
 "progenitor-ui",
]

[[package]]
name = "progenitor-llm"
version = "0.1.0"
dependencies = [
 "progenitor-core",
]

[[package]]
name = "progenitor-mod"
version = "0.1.0"
dependencies = [
 "progenitor-content",
 "progenitor-core",
 "progenitor-game",
]

[[package]]
name = "progenitor-points"
version = "0.1.0"
dependencies = [
 "progenitor-core",
]

[[package]]
name = "progenitor-ui"
version = "0.1.0"
dependencies = [
 "progenitor-core",
]
